
Microsoft Visual Studio Solution File, Format Version 12.00
# Visual Studio Version 17
VisualStudioVersion = 17.9.34607.119
MinimumVisualStudioVersion = 10.0.40219.1
Project("{FAE04EC0-301F-11D3-BF4B-00C04F79EFBC}") = "xadrez_console", "xadrez_console\xadrez_console.csproj", "{2FA9F74B-3527-45C9-97B3-F433A0D5A615}"
EndProject
Global
	GlobalSection(SolutionConfigurationPlatforms) = preSolution
		Debug|Any CPU = Debug|Any CPU
		Release|Any CPU = Release|Any CPU
	EndGlobalSection
	GlobalSection(ProjectConfigurationPlatforms) = postSolution
		{2FA9F74B-3527-45C9-97B3-F433A0D5A615}.Debug|Any CPU.ActiveCfg = Debug|Any CPU
		{2FA9F74B-3527-45C9-97B3-F433A0D5A615}.Debug|Any CPU.Build.0 = Debug|Any CPU
		{2FA9F74B-3527-45C9-97B3-F433A0D5A615}.Release|Any CPU.ActiveCfg = Release|Any CPU
		{2FA9F74B-3527-45C9-97B3-F433A0D5A615}.Release|Any CPU.Build.0 = Release|Any CPU
	EndGlobalSection
	GlobalSection(SolutionProperties) = preSolution
		HideSolutionNode = FALSE
	EndGlobalSection
	GlobalSection(ExtensibilityGlobals) = postSolution
		SolutionGuid = {D7B18482-0AC7-4633-B7A8-7582C6C80416}
	EndGlobalSection
EndGlobal
